<?xml version="1.0" encoding="utf-8"?>
<Project ToolsVersion="4.0" xmlns="http://schemas.microsoft.com/developer/msbuild/2003">
  <ItemGroup>
    <Filter Include="Source Files">
      <UniqueIdentifier>{4FC737F1-C7A5-4376-A066-2A32D752A2FF}</UniqueIdentifier>
      <Extensions>cpp;c;cc;cxx;c++;cppm;ixx;def;odl;idl;hpj;bat;asm;asmx</Extensions>
    </Filter>
    <Filter Include="Header Files">
      <UniqueIdentifier>{93995380-89BD-4b04-88EB-625FBE52EBFB}</UniqueIdentifier>
      <Extensions>h;hh;hpp;hxx;h++;hm;inl;inc;ipp;xsd</Extensions>
    </Filter>
    <Filter Include="Resource Files">
      <UniqueIdentifier>{67DA6AB6-F800-4c08-8B7A-83BB121AAD01}</UniqueIdentifier>
      <Extensions>rc;ico;cur;bmp;dlg;rc2;rct;bin;rgs;gif;jpg;jpeg;jpe;resx;tiff;tif;png;wav;mfcribbon-ms</Extensions>
    </Filter>
  </ItemGroup>
  <ItemGroup>
    <ClCompile Include="Zad21RockPaperScissors.cpp">
      <Filter>Source Files</Filter>
    </ClCompile>
    <ClCompile Include="ComputerClass.cpp">
      <Filter>Source Files</Filter>
    </ClCompile>
    <ClCompile Include="PlayerClass.cpp">
      <Filter>Source Files</Filter>
    </ClCompile>
    <ClCompile Include="RockPaperScissorsWIthComputerClass.cpp">
      <Filter>Source Files</Filter>
    </ClCompile>
    <ClCompile Include="RockPaperScissors2PlayersClass.cpp">
      <Filter>Source Files</Filter>
    </ClCompile>
    <ClCompile Include="RockPaperScissorsAbstractClass.cpp">
      <Filter>Source Files</Filter>
    </ClCompile>
  </ItemGroup>
  <ItemGroup>
    <ClInclude Include="RockPaperScissorsAbstractClass.hpp">
      <Filter>Header Files</Filter>
    </ClInclude>
    <ClInclude Include="PlayerClass.hpp">
      <Filter>Header Files</Filter>
    </ClInclude>
    <ClInclude Include="RockPaperScissorsWIthComputerClass.hpp">
      <Filter>Header Files</Filter>
    </ClInclude>
    <ClInclude Include="ComputerClass.hpp">
      <Filter>Header Files</Filter>
    </ClInclude>
    <ClInclude Include="RockPaperScissors2PlayersClass.hpp">
      <Filter>Header Files</Filter>
    </ClInclude>
  </ItemGroup>
</Project>