
Microsoft Visual Studio Solution File, Format Version 12.00
# Visual Studio Version 17
VisualStudioVersion = 17.3.32819.101
MinimumVisualStudioVersion = 10.0.40219.1
Project("{8BC9CEB8-8B4A-11D0-8D11-00A0C91BC942}") = "Zad1ReverseString", "Zad1ReverseString\Zad1ReverseString.vcxproj", "{E8A35A42-66BC-4FE5-B414-8F612CF29E7E}"
EndProject
Project("{8BC9CEB8-8B4A-11D0-8D11-00A0C91BC942}") = "Zad2FindCommonPart", "Zad2FindCommonPart\Zad2FindCommonPart.vcxproj", "{64639954-A847-4EAD-A798-C4DBFA984C99}"
EndProject
Project("{8BC9CEB8-8B4A-11D0-8D11-00A0C91BC942}") = "Zad3StringConverter", "Zad3StringConverter\Zad3StringConverter.vcxproj", "{20E24407-B71B-4769-A02C-9E968546474C}"
EndProject
Project("{8BC9CEB8-8B4A-11D0-8D11-00A0C91BC942}") = "Zad6PrimeNums", "Zad6PrimeNums\Zad6PrimeNums.vcxproj", "{B25927C5-93EA-4BC9-A070-1FD44DA70D94}"
EndProject
Project("{8BC9CEB8-8B4A-11D0-8D11-00A0C91BC942}") = "Zad7SortList", "Zad7SortList\Zad7SortList.vcxproj", "{243ADCD6-15C8-4D6B-890B-02144E660FB4}"
EndProject
Project("{8BC9CEB8-8B4A-11D0-8D11-00A0C91BC942}") = "Zad8Rectangle", "Zad8Rectangle\Zad8Rectangle.vcxproj", "{05A2AB94-E476-4BAB-8AD8-40E5F2BEDAF5}"
EndProject
Project("{8BC9CEB8-8B4A-11D0-8D11-00A0C91BC942}") = "Zad5StringCensor", "Zad5StringCensor\Zad5StringCensor.vcxproj", "{50DEEAD2-D715-44FD-8518-C444AABC6A71}"
EndProject
Project("{8BC9CEB8-8B4A-11D0-8D11-00A0C91BC942}") = "Zad4MorseCode", "Zad4MorseCode\Zad4MorseCode.vcxproj", "{FAAAE70A-F526-4E11-9DF0-5D1D83DFF384}"
EndProject
Global
	GlobalSection(SolutionConfigurationPlatforms) = preSolution
		Debug|x64 = Debug|x64
		Debug|x86 = Debug|x86
		Release|x64 = Release|x64
		Release|x86 = Release|x86
	EndGlobalSection
	GlobalSection(ProjectConfigurationPlatforms) = postSolution
		{E8A35A42-66BC-4FE5-B414-8F612CF29E7E}.Debug|x64.ActiveCfg = Debug|x64
		{E8A35A42-66BC-4FE5-B414-8F612CF29E7E}.Debug|x64.Build.0 = Debug|x64
		{E8A35A42-66BC-4FE5-B414-8F612CF29E7E}.Debug|x86.ActiveCfg = Debug|Win32
		{E8A35A42-66BC-4FE5-B414-8F612CF29E7E}.Debug|x86.Build.0 = Debug|Win32
		{E8A35A42-66BC-4FE5-B414-8F612CF29E7E}.Release|x64.ActiveCfg = Release|x64
		{E8A35A42-66BC-4FE5-B414-8F612CF29E7E}.Release|x64.Build.0 = Release|x64
		{E8A35A42-66BC-4FE5-B414-8F612CF29E7E}.Release|x86.ActiveCfg = Release|Win32
		{E8A35A42-66BC-4FE5-B414-8F612CF29E7E}.Release|x86.Build.0 = Release|Win32
		{64639954-A847-4EAD-A798-C4DBFA984C99}.Debug|x64.ActiveCfg = Debug|x64
		{64639954-A847-4EAD-A798-C4DBFA984C99}.Debug|x64.Build.0 = Debug|x64
		{64639954-A847-4EAD-A798-C4DBFA984C99}.Debug|x86.ActiveCfg = Debug|Win32
		{64639954-A847-4EAD-A798-C4DBFA984C99}.Debug|x86.Build.0 = Debug|Win32
		{64639954-A847-4EAD-A798-C4DBFA984C99}.Release|x64.ActiveCfg = Release|x64
		{64639954-A847-4EAD-A798-C4DBFA984C99}.Release|x64.Build.0 = Release|x64
		{64639954-A847-4EAD-A798-C4DBFA984C99}.Release|x86.ActiveCfg = Release|Win32
		{64639954-A847-4EAD-A798-C4DBFA984C99}.Release|x86.Build.0 = Release|Win32
		{20E24407-B71B-4769-A02C-9E968546474C}.Debug|x64.ActiveCfg = Debug|x64
		{20E24407-B71B-4769-A02C-9E968546474C}.Debug|x64.Build.0 = Debug|x64
		{20E24407-B71B-4769-A02C-9E968546474C}.Debug|x86.ActiveCfg = Debug|Win32
		{20E24407-B71B-4769-A02C-9E968546474C}.Debug|x86.Build.0 = Debug|Win32
		{20E24407-B71B-4769-A02C-9E968546474C}.Release|x64.ActiveCfg = Release|x64
		{20E24407-B71B-4769-A02C-9E968546474C}.Release|x64.Build.0 = Release|x64
		{20E24407-B71B-4769-A02C-9E968546474C}.Release|x86.ActiveCfg = Release|Win32
		{20E24407-B71B-4769-A02C-9E968546474C}.Release|x86.Build.0 = Release|Win32
		{B25927C5-93EA-4BC9-A070-1FD44DA70D94}.Debug|x64.ActiveCfg = Debug|x64
		{B25927C5-93EA-4BC9-A070-1FD44DA70D94}.Debug|x64.Build.0 = Debug|x64
		{B25927C5-93EA-4BC9-A070-1FD44DA70D94}.Debug|x86.ActiveCfg = Debug|Win32
		{B25927C5-93EA-4BC9-A070-1FD44DA70D94}.Debug|x86.Build.0 = Debug|Win32
		{B25927C5-93EA-4BC9-A070-1FD44DA70D94}.Release|x64.ActiveCfg = Release|x64
		{B25927C5-93EA-4BC9-A070-1FD44DA70D94}.Release|x64.Build.0 = Release|x64
		{B25927C5-93EA-4BC9-A070-1FD44DA70D94}.Release|x86.ActiveCfg = Release|Win32
		{B25927C5-93EA-4BC9-A070-1FD44DA70D94}.Release|x86.Build.0 = Release|Win32
		{243ADCD6-15C8-4D6B-890B-02144E660FB4}.Debug|x64.ActiveCfg = Debug|x64
		{243ADCD6-15C8-4D6B-890B-02144E660FB4}.Debug|x64.Build.0 = Debug|x64
		{243ADCD6-15C8-4D6B-890B-02144E660FB4}.Debug|x86.ActiveCfg = Debug|Win32
		{243ADCD6-15C8-4D6B-890B-02144E660FB4}.Debug|x86.Build.0 = Debug|Win32
		{243ADCD6-15C8-4D6B-890B-02144E660FB4}.Release|x64.ActiveCfg = Release|x64
		{243ADCD6-15C8-4D6B-890B-02144E660FB4}.Release|x64.Build.0 = Release|x64
		{243ADCD6-15C8-4D6B-890B-02144E660FB4}.Release|x86.ActiveCfg = Release|Win32
		{243ADCD6-15C8-4D6B-890B-02144E660FB4}.Release|x86.Build.0 = Release|Win32
		{05A2AB94-E476-4BAB-8AD8-40E5F2BEDAF5}.Debug|x64.ActiveCfg = Debug|x64
		{05A2AB94-E476-4BAB-8AD8-40E5F2BEDAF5}.Debug|x64.Build.0 = Debug|x64
		{05A2AB94-E476-4BAB-8AD8-40E5F2BEDAF5}.Debug|x86.ActiveCfg = Debug|Win32
		{05A2AB94-E476-4BAB-8AD8-40E5F2BEDAF5}.Debug|x86.Build.0 = Debug|Win32
		{05A2AB94-E476-4BAB-8AD8-40E5F2BEDAF5}.Release|x64.ActiveCfg = Release|x64
		{05A2AB94-E476-4BAB-8AD8-40E5F2BEDAF5}.Release|x64.Build.0 = Release|x64
		{05A2AB94-E476-4BAB-8AD8-40E5F2BEDAF5}.Release|x86.ActiveCfg = Release|Win32
		{05A2AB94-E476-4BAB-8AD8-40E5F2BEDAF5}.Release|x86.Build.0 = Release|Win32
		{50DEEAD2-D715-44FD-8518-C444AABC6A71}.Debug|x64.ActiveCfg = Debug|x64
		{50DEEAD2-D715-44FD-8518-C444AABC6A71}.Debug|x64.Build.0 = Debug|x64
		{50DEEAD2-D715-44FD-8518-C444AABC6A71}.Debug|x86.ActiveCfg = Debug|Win32
		{50DEEAD2-D715-44FD-8518-C444AABC6A71}.Debug|x86.Build.0 = Debug|Win32
		{50DEEAD2-D715-44FD-8518-C444AABC6A71}.Release|x64.ActiveCfg = Release|x64
		{50DEEAD2-D715-44FD-8518-C444AABC6A71}.Release|x64.Build.0 = Release|x64
		{50DEEAD2-D715-44FD-8518-C444AABC6A71}.Release|x86.ActiveCfg = Release|Win32
		{50DEEAD2-D715-44FD-8518-C444AABC6A71}.Release|x86.Build.0 = Release|Win32
		{FAAAE70A-F526-4E11-9DF0-5D1D83DFF384}.Debug|x64.ActiveCfg = Debug|x64
		{FAAAE70A-F526-4E11-9DF0-5D1D83DFF384}.Debug|x64.Build.0 = Debug|x64
		{FAAAE70A-F526-4E11-9DF0-5D1D83DFF384}.Debug|x86.ActiveCfg = Debug|Win32
		{FAAAE70A-F526-4E11-9DF0-5D1D83DFF384}.Debug|x86.Build.0 = Debug|Win32
		{FAAAE70A-F526-4E11-9DF0-5D1D83DFF384}.Release|x64.ActiveCfg = Release|x64
		{FAAAE70A-F526-4E11-9DF0-5D1D83DFF384}.Release|x64.Build.0 = Release|x64
		{FAAAE70A-F526-4E11-9DF0-5D1D83DFF384}.Release|x86.ActiveCfg = Release|Win32
		{FAAAE70A-F526-4E11-9DF0-5D1D83DFF384}.Release|x86.Build.0 = Release|Win32
	EndGlobalSection
	GlobalSection(SolutionProperties) = preSolution
		HideSolutionNode = FALSE
	EndGlobalSection
	GlobalSection(ExtensibilityGlobals) = postSolution
		SolutionGuid = {FAED98AE-E9FD-4A73-AACA-974A4EBC551C}
	EndGlobalSection
EndGlobal
